
Microsoft Visual Studio Solution File, Format Version 12.00
# Visual Studio Version 16
VisualStudioVersion = 16.0.34031.81
MinimumVisualStudioVersion = 10.0.40219.1
Project("{FAE04EC0-301F-11D3-BF4B-00C04F79EFBC}") = "WpfApp1", "WpfApp1.csproj", "{2EDF3CCB-01A2-4A94-B29A-59F693761CC6}"
EndProject
Global
	GlobalSection(SolutionConfigurationPlatforms) = preSolution
		Debug|Any CPU = Debug|Any CPU
		Release|Any CPU = Release|Any CPU
	EndGlobalSection
	GlobalSection(ProjectConfigurationPlatforms) = postSolution
		{2EDF3CCB-01A2-4A94-B29A-59F693761CC6}.Debug|Any CPU.ActiveCfg = Debug|Any CPU
		{2EDF3CCB-01A2-4A94-B29A-59F693761CC6}.Debug|Any CPU.Build.0 = Debug|Any CPU
		{2EDF3CCB-01A2-4A94-B29A-59F693761CC6}.Release|Any CPU.ActiveCfg = Release|Any CPU
		{2EDF3CCB-01A2-4A94-B29A-59F693761CC6}.Release|Any CPU.Build.0 = Release|Any CPU
	EndGlobalSection
	GlobalSection(SolutionProperties) = preSolution
		HideSolutionNode = FALSE
	EndGlobalSection
	GlobalSection(ExtensibilityGlobals) = postSolution
		SolutionGuid = {FE2AC9FD-8473-4C98-BD99-C2427924DF98}
	EndGlobalSection
EndGlobal
